
Microsoft Visual Studio Solution File, Format Version 12.00
# Visual Studio Version 17
VisualStudioVersion = 17.6.33815.320
MinimumVisualStudioVersion = 10.0.40219.1
Project("{FAE04EC0-301F-11D3-BF4B-00C04F79EFBC}") = "PryHoteleria_Upn_Grupo4", "PryHoteleria_Upn_Grupo4\PryHoteleria_Upn_Grupo4.csproj", "{8EEDA014-5B33-4A6B-9983-685590B43A71}"
EndProject
Global
	GlobalSection(SolutionConfigurationPlatforms) = preSolution
		Debug|Any CPU = Debug|Any CPU
		Release|Any CPU = Release|Any CPU
	EndGlobalSection
	GlobalSection(ProjectConfigurationPlatforms) = postSolution
		{8EEDA014-5B33-4A6B-9983-685590B43A71}.Debug|Any CPU.ActiveCfg = Debug|Any CPU
		{8EEDA014-5B33-4A6B-9983-685590B43A71}.Debug|Any CPU.Build.0 = Debug|Any CPU
		{8EEDA014-5B33-4A6B-9983-685590B43A71}.Release|Any CPU.ActiveCfg = Release|Any CPU
		{8EEDA014-5B33-4A6B-9983-685590B43A71}.Release|Any CPU.Build.0 = Release|Any CPU
	EndGlobalSection
	GlobalSection(SolutionProperties) = preSolution
		HideSolutionNode = FALSE
	EndGlobalSection
	GlobalSection(ExtensibilityGlobals) = postSolution
		SolutionGuid = {AABDA606-CC96-4AE0-A68A-8B0758522780}
	EndGlobalSection
EndGlobal
